
Microsoft Visual Studio Solution File, Format Version 12.00
# Visual Studio Version 16
VisualStudioVersion = 16.0.30717.126
MinimumVisualStudioVersion = 10.0.40219.1
Project("{9A19103F-16F7-4668-BE54-9A1E7A4F7556}") = "SSR.DataTable", "SSR.DataTable\SSR.DataTable.csproj", "{782C0ED4-9B97-4A6A-8C8B-89122C6A9739}"
EndProject
Project("{2150E333-8FDC-42A3-9474-1A3956D46DE8}") = "Solution Items", "Solution Items", "{97287DFB-79BE-46BC-881E-83F66104DC70}"
	ProjectSection(SolutionItems) = preProject
		.editorconfig = .editorconfig
	EndProjectSection
EndProject
Global
	GlobalSection(SolutionConfigurationPlatforms) = preSolution
		Debug|Any CPU = Debug|Any CPU
		Release|Any CPU = Release|Any CPU
	EndGlobalSection
	GlobalSection(ProjectConfigurationPlatforms) = postSolution
		{782C0ED4-9B97-4A6A-8C8B-89122C6A9739}.Debug|Any CPU.ActiveCfg = Debug|Any CPU
		{782C0ED4-9B97-4A6A-8C8B-89122C6A9739}.Debug|Any CPU.Build.0 = Debug|Any CPU
		{782C0ED4-9B97-4A6A-8C8B-89122C6A9739}.Release|Any CPU.ActiveCfg = Release|Any CPU
		{782C0ED4-9B97-4A6A-8C8B-89122C6A9739}.Release|Any CPU.Build.0 = Release|Any CPU
	EndGlobalSection
	GlobalSection(SolutionProperties) = preSolution
		HideSolutionNode = FALSE
	EndGlobalSection
	GlobalSection(ExtensibilityGlobals) = postSolution
		SolutionGuid = {14A339C7-7B6D-4CAA-84AD-037B84CA4436}
	EndGlobalSection
EndGlobal
